
Microsoft Visual Studio Solution File, Format Version 12.00
# Visual Studio Version 16
VisualStudioVersion = 16.0.29613.14
MinimumVisualStudioVersion = 10.0.40219.1
Project("{FAE04EC0-301F-11D3-BF4B-00C04F79EFBC}") = "CST247CLC", "CST247CLC\CST247CLC.csproj", "{7A06403B-1827-48A9-8292-BDCD39CD7E23}"
EndProject
Global
	GlobalSection(SolutionConfigurationPlatforms) = preSolution
		Debug|Any CPU = Debug|Any CPU
		Release|Any CPU = Release|Any CPU
	EndGlobalSection
	GlobalSection(ProjectConfigurationPlatforms) = postSolution
		{7A06403B-1827-48A9-8292-BDCD39CD7E23}.Debug|Any CPU.ActiveCfg = Debug|Any CPU
		{7A06403B-1827-48A9-8292-BDCD39CD7E23}.Debug|Any CPU.Build.0 = Debug|Any CPU
		{7A06403B-1827-48A9-8292-BDCD39CD7E23}.Release|Any CPU.ActiveCfg = Release|Any CPU
		{7A06403B-1827-48A9-8292-BDCD39CD7E23}.Release|Any CPU.Build.0 = Release|Any CPU
	EndGlobalSection
	GlobalSection(SolutionProperties) = preSolution
		HideSolutionNode = FALSE
	EndGlobalSection
	GlobalSection(ExtensibilityGlobals) = postSolution
		SolutionGuid = {2FDFCA0E-E7A3-4C80-8FAF-DFFDFE481BFB}
	EndGlobalSection
EndGlobal
